// !$*UTF8*$!
{
	archiveVersion = 1;
	classes = {
	};
	objectVersion = 46;
	objects = {

/* Begin PBXBuildFile section */
		BBE4145A172B7DE100DEF1A8 /* UIKit.framework in Frameworks */ = {isa = PBXBuildFile; fileRef = BBE41459172B7DE100DEF1A8 /* UIKit.framework */; };
		BBE4145C172B7DE100DEF1A8 /* Foundation.framework in Frameworks */ = {isa = PBXBuildFile; fileRef = BBE4145B172B7DE100DEF1A8 /* Foundation.framework */; };
		BBE4145E172B7DE100DEF1A8 /* CoreGraphics.framework in Frameworks */ = {isa = PBXBuildFile; fileRef = BBE4145D172B7DE100DEF1A8 /* CoreGraphics.framework */; };
		BBE41464172B7DE100DEF1A8 /* InfoPlist.strings in Resources */ = {isa = PBXBuildFile; fileRef = BBE41462172B7DE100DEF1A8 /* InfoPlist.strings */; };
		BBE41466172B7DE100DEF1A8 /* main.m in Sources */ = {isa = PBXBuildFile; fileRef = BBE41465172B7DE100DEF1A8 /* main.m */; };
		BBE4146A172B7DE100DEF1A8 /* AppDelegate.m in Sources */ = {isa = PBXBuildFile; fileRef = BBE41469172B7DE100DEF1A8 /* AppDelegate.m */; };
		BBE4146C172B7DE100DEF1A8 /* Default.png in Resources */ = {isa = PBXBuildFile; fileRef = BBE4146B172B7DE100DEF1A8 /* Default.png */; };
		BBE4146E172B7DE100DEF1A8 /* Default@2x.png in Resources */ = {isa = PBXBuildFile; fileRef = BBE4146D172B7DE100DEF1A8 /* Default@2x.png */; };
		BBE41470172B7DE100DEF1A8 /* Default-568h@2x.png in Resources */ = {isa = PBXBuildFile; fileRef = BBE4146F172B7DE100DEF1A8 /* Default-568h@2x.png */; };
		BBE41473172B7DE100DEF1A8 /* ViewController.m in Sources */ = {isa = PBXBuildFile; fileRef = BBE41472172B7DE100DEF1A8 /* ViewController.m */; };
		BBE41476172B7DE100DEF1A8 /* ViewController.xib in Resources */ = {isa = PBXBuildFile; fileRef = BBE41474172B7DE100DEF1A8 /* ViewController.xib */; };
		BBE4147D172B7E9800DEF1A8 /* addEventView.xib in Resources */ = {isa = PBXBuildFile; fileRef = BBE4147C172B7E9800DEF1A8 /* addEventView.xib */; };
		BBE41480172B85DA00DEF1A8 /* AddEventViewController.m in Sources */ = {isa = PBXBuildFile; fileRef = BBE4147F172B85DA00DEF1A8 /* AddEventViewController.m */; };
/* End PBXBuildFile section */

/* Begin PBXFileReference section */
		BBE41456172B7DE100DEF1A8 /* project4.app */ = {isa = PBXFileReference; explicitFileType = wrapper.application; includeInIndex = 0; path = project4.app; sourceTree = BUILT_PRODUCTS_DIR; };
		BBE41459172B7DE100DEF1A8 /* UIKit.framework */ = {isa = PBXFileReference; lastKnownFileType = wrapper.framework; name = UIKit.framework; path = System/Library/Frameworks/UIKit.framework; sourceTree = SDKROOT; };
		BBE4145B172B7DE100DEF1A8 /* Foundation.framework */ = {isa = PBXFileReference; lastKnownFileType = wrapper.framework; name = Foundation.framework; path = System/Library/Frameworks/Foundation.framework; sourceTree = SDKROOT; };
		BBE4145D172B7DE100DEF1A8 /* CoreGraphics.framework */ = {isa = PBXFileReference; lastKnownFileType = wrapper.framework; name = CoreGraphics.framework; path = System/Library/Frameworks/CoreGraphics.framework; sourceTree = SDKROOT; };
		BBE41461172B7DE100DEF1A8 /* project4-Info.plist */ = {isa = PBXFileReference; lastKnownFileType = text.plist.xml; path = "project4-Info.plist"; sourceTree = "<group>"; };
		BBE41463172B7DE100DEF1A8 /* en */ = {isa = PBXFileReference; lastKnownFileType = text.plist.strings; name = en; path = en.lproj/InfoPlist.strings; sourceTree = "<group>"; };
		BBE41465172B7DE100DEF1A8 /* main.m */ = {isa = PBXFileReference; lastKnownFileType = sourcecode.c.objc; path = main.m; sourceTree = "<group>"; };
		BBE41467172B7DE100DEF1A8 /* project4-Prefix.pch */ = {isa = PBXFileReference; lastKnownFileType = sourcecode.c.h; path = "project4-Prefix.pch"; sourceTree = "<group>"; };
		BBE41468172B7DE100DEF1A8 /* AppDelegate.h */ = {isa = PBXFileReference; lastKnownFileType = sourcecode.c.h; path = AppDelegate.h; sourceTree = "<group>"; };
		BBE41469172B7DE100DEF1A8 /* AppDelegate.m */ = {isa = PBXFileReference; lastKnownFileType = sourcecode.c.objc; path = AppDelegate.m; sourceTree = "<group>"; };
		BBE4146B172B7DE100DEF1A8 /* Default.png */ = {isa = PBXFileReference; lastKnownFileType = image.png; path = Default.png; sourceTree = "<group>"; };
		BBE4146D172B7DE100DEF1A8 /* Default@2x.png */ = {isa = PBXFileReference; lastKnownFileType = image.png; path = "Default@2x.png"; sourceTree = "<group>"; };
		BBE4146F172B7DE100DEF1A8 /* Default-568h@2x.png */ = {isa = PBXFileReference; lastKnownFileType = image.png; path = "Default-568h@2x.png"; sourceTree = "<group>"; };
		BBE41471172B7DE100DEF1A8 /* ViewController.h */ = {isa = PBXFileReference; lastKnownFileType = sourcecode.c.h; path = ViewController.h; sourceTree = "<group>"; };
		BBE41472172B7DE100DEF1A8 /* ViewController.m */ = {isa = PBXFileReference; lastKnownFileType = sourcecode.c.objc; path = ViewController.m; sourceTree = "<group>"; };
		BBE41475172B7DE100DEF1A8 /* en */ = {isa = PBXFileReference; lastKnownFileType = file.xib; name = en; path = en.lproj/ViewController.xib; sourceTree = "<group>"; };
		BBE4147C172B7E9800DEF1A8 /* addEventView.xib */ = {isa = PBXFileReference; fileEncoding = 4; lastKnownFileType = file.xib; path = addEventView.xib; sourceTree = "<group>"; };
		BBE4147E172B85DA00DEF1A8 /* AddEventViewController.h */ = {isa = PBXFileReference; fileEncoding = 4; lastKnownFileType = sourcecode.c.h; path = AddEventViewController.h; sourceTree = "<group>"; };
		BBE4147F172B85DA00DEF1A8 /* AddEventViewController.m */ = {isa = PBXFileReference; fileEncoding = 4; lastKnownFileType = sourcecode.c.objc; path = AddEventViewController.m; sourceTree = "<group>"; };
/* End PBXFileReference section */

/* Begin PBXFrameworksBuildPhase section */
		BBE41453172B7DE100DEF1A8 /* Frameworks */ = {
			isa = PBXFrameworksBuildPhase;
			buildActionMask = 2147483647;
			files = (
				BBE4145A172B7DE100DEF1A8 /* UIKit.framework in Frameworks */,
				BBE4145C172B7DE100DEF1A8 /* Foundation.framework in Frameworks */,
				BBE4145E172B7DE100DEF1A8 /* CoreGraphics.framework in Frameworks */,
			);
			runOnlyForDeploymentPostprocessing = 0;
		};
/* End PBXFrameworksBuildPhase section */

/* Begin PBXGroup section */
		BBE4144D172B7DE100DEF1A8 = {
			isa = PBXGroup;
			children = (
				BBE4145F172B7DE100DEF1A8 /* project4 */,
				BBE41458172B7DE100DEF1A8 /* Frameworks */,
				BBE41457172B7DE100DEF1A8 /* Products */,
			);
			sourceTree = "<group>";
		};
		BBE41457172B7DE100DEF1A8 /* Products */ = {
			isa = PBXGroup;
			children = (
				BBE41456172B7DE100DEF1A8 /* project4.app */,
			);
			name = Products;
			sourceTree = "<group>";
		};
		BBE41458172B7DE100DEF1A8 /* Frameworks */ = {
			isa = PBXGroup;
			children = (
				BBE41459172B7DE100DEF1A8 /* UIKit.framework */,
				BBE4145B172B7DE100DEF1A8 /* Foundation.framework */,
				BBE4145D172B7DE100DEF1A8 /* CoreGraphics.framework */,
			);
			name = Frameworks;
			sourceTree = "<group>";
		};
		BBE4145F172B7DE100DEF1A8 /* project4 */ = {
			isa = PBXGroup;
			children = (
				BBE41468172B7DE100DEF1A8 /* AppDelegate.h */,
				BBE41469172B7DE100DEF1A8 /* AppDelegate.m */,
				BBE41471172B7DE100DEF1A8 /* ViewController.h */,
				BBE41472172B7DE100DEF1A8 /* ViewController.m */,
				BBE41474172B7DE100DEF1A8 /* ViewController.xib */,
				BBE4147C172B7E9800DEF1A8 /* addEventView.xib */,
				BBE4147E172B85DA00DEF1A8 /* AddEventViewController.h */,
				BBE4147F172B85DA00DEF1A8 /* AddEventViewController.m */,
				BBE41460172B7DE100DEF1A8 /* Supporting Files */,
			);
			path = project4;
			sourceTree = "<group>";
		};
		BBE41460172B7DE100DEF1A8 /* Supporting Files */ = {
			isa = PBXGroup;
			children = (
				BBE41461172B7DE100DEF1A8 /* project4-Info.plist */,
				BBE41462172B7DE100DEF1A8 /* InfoPlist.strings */,
				BBE41465172B7DE100DEF1A8 /* main.m */,
				BBE41467172B7DE100DEF1A8 /* project4-Prefix.pch */,
				BBE4146B172B7DE100DEF1A8 /* Default.png */,
				BBE4146D172B7DE100DEF1A8 /* Default@2x.png */,
				BBE4146F172B7DE100DEF1A8 /* Default-568h@2x.png */,
			);
			name = "Supporting Files";
			sourceTree = "<group>";
		};
/* End PBXGroup section */

/* Begin PBXNativeTarget section */
		BBE41455172B7DE100DEF1A8 /* project4 */ = {
			isa = PBXNativeTarget;
			buildConfigurationList = BBE41479172B7DE100DEF1A8 /* Build configuration list for PBXNativeTarget "project4" */;
			buildPhases = (
				BBE41452172B7DE100DEF1A8 /* Sources */,
				BBE41453172B7DE100DEF1A8 /* Frameworks */,
				BBE41454172B7DE100DEF1A8 /* Resources */,
			);
			buildRules = (
			);
			dependencies = (
			);
			name = project4;
			productName = project4;
			productReference = BBE41456172B7DE100DEF1A8 /* project4.app */;
			productType = "com.apple.product-type.application";
		};
/* End PBXNativeTarget section */

/* Begin PBXProject section */
		BBE4144E172B7DE100DEF1A8 /* Project object */ = {
			isa = PBXProject;
			attributes = {
				LastUpgradeCheck = 0460;
				ORGANIZATIONNAME = theOwner;
			};
			buildConfigurationList = BBE41451172B7DE100DEF1A8 /* Build configuration list for PBXProject "project4" */;
			compatibilityVersion = "Xcode 3.2";
			developmentRegion = English;
			hasScannedForEncodings = 0;
			knownRegions = (
				en,
			);
			mainGroup = BBE4144D172B7DE100DEF1A8;
			productRefGroup = BBE41457172B7DE100DEF1A8 /* Products */;
			projectDirPath = "";
			projectRoot = "";
			targets = (
				BBE41455172B7DE100DEF1A8 /* project4 */,
			);
		};
/* End PBXProject section */

/* Begin PBXResourcesBuildPhase section */
		BBE41454172B7DE100DEF1A8 /* Resources */ = {
			isa = PBXResourcesBuildPhase;
			buildActionMask = 2147483647;
			files = (
				BBE41464172B7DE100DEF1A8 /* InfoPlist.strings in Resources */,
				BBE4146C172B7DE100DEF1A8 /* Default.png in Resources */,
				BBE4146E172B7DE100DEF1A8 /* Default@2x.png in Resources */,
				BBE41470172B7DE100DEF1A8 /* Default-568h@2x.png in Resources */,
				BBE41476172B7DE100DEF1A8 /* ViewController.xib in Resources */,
				BBE4147D172B7E9800DEF1A8 /* addEventView.xib in Resources */,
			);
			runOnlyForDeploymentPostprocessing = 0;
		};
/* End PBXResourcesBuildPhase section */

/* Begin PBXSourcesBuildPhase section */
		BBE41452172B7DE100DEF1A8 /* Sources */ = {
			isa = PBXSourcesBuildPhase;
			buildActionMask = 2147483647;
			files = (
				BBE41466172B7DE100DEF1A8 /* main.m in Sources */,
				BBE4146A172B7DE100DEF1A8 /* AppDelegate.m in Sources */,
				BBE41473172B7DE100DEF1A8 /* ViewController.m in Sources */,
				BBE41480172B85DA00DEF1A8 /* AddEventViewController.m in Sources */,
			);
			runOnlyForDeploymentPostprocessing = 0;
		};
/* End PBXSourcesBuildPhase section */

/* Begin PBXVariantGroup section */
		BBE41462172B7DE100DEF1A8 /* InfoPlist.strings */ = {
			isa = PBXVariantGroup;
			children = (
				BBE41463172B7DE100DEF1A8 /* en */,
			);
			name = InfoPlist.strings;
			sourceTree = "<group>";
		};
		BBE41474172B7DE100DEF1A8 /* ViewController.xib */ = {
			isa = PBXVariantGroup;
			children = (
				BBE41475172B7DE100DEF1A8 /* en */,
			);
			name = ViewController.xib;
			sourceTree = "<group>";
		};
/* End PBXVariantGroup section */

/* Begin XCBuildConfiguration section */
		BBE41477172B7DE100DEF1A8 /* Debug */ = {
			isa = XCBuildConfiguration;
			buildSettings = {
				ALWAYS_SEARCH_USER_PATHS = NO;
				CLANG_CXX_LANGUAGE_STANDARD = "gnu++0x";
				CLANG_CXX_LIBRARY = "libc++";
				CLANG_WARN_CONSTANT_CONVERSION = YES;
				CLANG_WARN_EMPTY_BODY = YES;
				CLANG_WARN_ENUM_CONVERSION = YES;
				CLANG_WARN_INT_CONVERSION = YES;
				CLANG_WARN__DUPLICATE_METHOD_MATCH = YES;
				"CODE_SIGN_IDENTITY[sdk=iphoneos*]" = "iPhone Developer";
				COPY_PHASE_STRIP = NO;
				GCC_C_LANGUAGE_STANDARD = gnu99;
				GCC_DYNAMIC_NO_PIC = NO;
				GCC_OPTIMIZATION_LEVEL = 0;
				GCC_PREPROCESSOR_DEFINITIONS = (
					"DEBUG=1",
					"$(inherited)",
				);
				GCC_SYMBOLS_PRIVATE_EXTERN = NO;
				GCC_WARN_ABOUT_RETURN_TYPE = YES;
				GCC_WARN_UNINITIALIZED_AUTOS = YES;
				GCC_WARN_UNUSED_VARIABLE = YES;
				IPHONEOS_DEPLOYMENT_TARGET = 6.1;
				ONLY_ACTIVE_ARCH = YES;
				SDKROOT = iphoneos;
			};
			name = Debug;
		};
		BBE41478172B7DE100DEF1A8 /* Release */ = {
			isa = XCBuildConfiguration;
			buildSettings = {
				ALWAYS_SEARCH_USER_PATHS = NO;
				CLANG_CXX_LANGUAGE_STANDARD = "gnu++0x";
				CLANG_CXX_LIBRARY = "libc++";
				CLANG_WARN_CONSTANT_CONVERSION = YES;
				CLANG_WARN_EMPTY_BODY = YES;
				CLANG_WARN_ENUM_CONVERSION = YES;
				CLANG_WARN_INT_CONVERSION = YES;
				CLANG_WARN__DUPLICATE_METHOD_MATCH = YES;
				"CODE_SIGN_IDENTITY[sdk=iphoneos*]" = "iPhone Developer";
				COPY_PHASE_STRIP = YES;
				GCC_C_LANGUAGE_STANDARD = gnu99;
				GCC_WARN_ABOUT_RETURN_TYPE = YES;
				GCC_WARN_UNINITIALIZED_AUTOS = YES;
				GCC_WARN_UNUSED_VARIABLE = YES;
				IPHONEOS_DEPLOYMENT_TARGET = 6.1;
				OTHER_CFLAGS = "-DNS_BLOCK_ASSERTIONS=1";
				SDKROOT = iphoneos;
				VALIDATE_PRODUCT = YES;
			};
			name = Release;
		};
		BBE4147A172B7DE100DEF1A8 /* Debug */ = {
			isa = XCBuildConfiguration;
			buildSettings = {
				GCC_PRECOMPILE_PREFIX_HEADER = YES;
				GCC_PREFIX_HEADER = "project4/project4-Prefix.pch";
				INFOPLIST_FILE = "project4/project4-Info.plist";
				PRODUCT_NAME = "$(TARGET_NAME)";
				WRAPPER_EXTENSION = app;
			};
			name = Debug;
		};
		BBE4147B172B7DE100DEF1A8 /* Release */ = {
			isa = XCBuildConfiguration;
			buildSettings = {
				GCC_PRECOMPILE_PREFIX_HEADER = YES;
				GCC_PREFIX_HEADER = "project4/project4-Prefix.pch";
				INFOPLIST_FILE = "project4/project4-Info.plist";
				PRODUCT_NAME = "$(TARGET_NAME)";
				WRAPPER_EXTENSION = app;
			};
			name = Release;
		};
/* End XCBuildConfiguration section */

/* Begin XCConfigurationList section */
		BBE41451172B7DE100DEF1A8 /* Build configuration list for PBXProject "project4" */ = {
			isa = XCConfigurationList;
			buildConfigurations = (
				BBE41477172B7DE100DEF1A8 /* Debug */,
				BBE41478172B7DE100DEF1A8 /* Release */,
			);
			defaultConfigurationIsVisible = 0;
			defaultConfigurationName = Release;
		};
		BBE41479172B7DE100DEF1A8 /* Build configuration list for PBXNativeTarget "project4" */ = {
			isa = XCConfigurationList;
			buildConfigurations = (
				BBE4147A172B7DE100DEF1A8 /* Debug */,
				BBE4147B172B7DE100DEF1A8 /* Release */,
			);
			defaultConfigurationIsVisible = 0;
		};
/* End XCConfigurationList section */
	};
	rootObject = BBE4144E172B7DE100DEF1A8 /* Project object */;
}
